
Microsoft Visual Studio Solution File, Format Version 10.00
# Visual Studio 2008
Project("{FAE04EC0-301F-11D3-BF4B-00C04F79EFBC}") = "Jiuzh.CoreBase", "Jiuzh.CoreBase\Jiuzh.CoreBase.csproj", "{59C51D10-5250-44B9-AB26-EA73086DEEE9}"
EndProject
Project("{FAE04EC0-301F-11D3-BF4B-00C04F79EFBC}") = "Jiuzh.EFBase", "Jiuzh.EFBase\Jiuzh.EFBase.csproj", "{AEF95228-B8FA-436A-874B-F31F3D677841}"
EndProject
Project("{FAE04EC0-301F-11D3-BF4B-00C04F79EFBC}") = "Jiuzh.Infrastructure.Enterprise", "Jiuzh.Infrastructure.EnterpriseLibrary\Jiuzh.Infrastructure.Enterprise.csproj", "{CB3B0EB7-F16F-46FD-910F-A78F121FAEF7}"
EndProject
Global
	GlobalSection(SolutionConfigurationPlatforms) = preSolution
		Debug|Any CPU = Debug|Any CPU
		Release|Any CPU = Release|Any CPU
	EndGlobalSection
	GlobalSection(ProjectConfigurationPlatforms) = postSolution
		{59C51D10-5250-44B9-AB26-EA73086DEEE9}.Debug|Any CPU.ActiveCfg = Debug|Any CPU
		{59C51D10-5250-44B9-AB26-EA73086DEEE9}.Debug|Any CPU.Build.0 = Debug|Any CPU
		{59C51D10-5250-44B9-AB26-EA73086DEEE9}.Release|Any CPU.ActiveCfg = Release|Any CPU
		{59C51D10-5250-44B9-AB26-EA73086DEEE9}.Release|Any CPU.Build.0 = Release|Any CPU
		{AEF95228-B8FA-436A-874B-F31F3D677841}.Debug|Any CPU.ActiveCfg = Debug|Any CPU
		{AEF95228-B8FA-436A-874B-F31F3D677841}.Debug|Any CPU.Build.0 = Debug|Any CPU
		{AEF95228-B8FA-436A-874B-F31F3D677841}.Release|Any CPU.ActiveCfg = Release|Any CPU
		{AEF95228-B8FA-436A-874B-F31F3D677841}.Release|Any CPU.Build.0 = Release|Any CPU
		{CB3B0EB7-F16F-46FD-910F-A78F121FAEF7}.Debug|Any CPU.ActiveCfg = Debug|Any CPU
		{CB3B0EB7-F16F-46FD-910F-A78F121FAEF7}.Debug|Any CPU.Build.0 = Debug|Any CPU
		{CB3B0EB7-F16F-46FD-910F-A78F121FAEF7}.Release|Any CPU.ActiveCfg = Release|Any CPU
		{CB3B0EB7-F16F-46FD-910F-A78F121FAEF7}.Release|Any CPU.Build.0 = Release|Any CPU
	EndGlobalSection
	GlobalSection(SolutionProperties) = preSolution
		HideSolutionNode = FALSE
	EndGlobalSection
EndGlobal
